<?xml version="1.0" encoding="utf-8"?>
<Project ToolsVersion="17.0" xmlns="http://schemas.microsoft.com/developer/msbuild/2003">
  <ItemGroup>
    <ClCompile Include="C:\ES2\ES2_WebMUD_SourceOnly_v2.9\source\upstream\neolith\src\main.c">
      <Filter>Source Files</Filter>
    </ClCompile>
  </ItemGroup>
  <ItemGroup>
    <CustomBuild Include="C:\ES2\ES2_WebMUD_SourceOnly_v2.9\source\upstream\neolith\src\CMakeLists.txt" />
  </ItemGroup>
  <ItemGroup>
    <Object Include="C:\ES2\ES2_WebMUD_SourceOnly_v2.9\source\upstream\neolith\build-vs2022\src\stem.dir\$(Configuration)\addr_resolver.obj">
      <Filter>Object Libraries</Filter>
    </Object>
    <Object Include="C:\ES2\ES2_WebMUD_SourceOnly_v2.9\source\upstream\neolith\build-vs2022\src\stem.dir\$(Configuration)\apply.obj">
      <Filter>Object Libraries</Filter>
    </Object>
    <Object Include="C:\ES2\ES2_WebMUD_SourceOnly_v2.9\source\upstream\neolith\build-vs2022\src\stem.dir\$(Configuration)\backend.obj">
      <Filter>Object Libraries</Filter>
    </Object>
    <Object Include="C:\ES2\ES2_WebMUD_SourceOnly_v2.9\source\upstream\neolith\build-vs2022\src\stem.dir\$(Configuration)\call_out.obj">
      <Filter>Object Libraries</Filter>
    </Object>
    <Object Include="C:\ES2\ES2_WebMUD_SourceOnly_v2.9\source\upstream\neolith\build-vs2022\src\stem.dir\$(Configuration)\comm.obj">
      <Filter>Object Libraries</Filter>
    </Object>
    <Object Include="C:\ES2\ES2_WebMUD_SourceOnly_v2.9\source\upstream\neolith\build-vs2022\src\stem.dir\$(Configuration)\command.obj">
      <Filter>Object Libraries</Filter>
    </Object>
    <Object Include="C:\ES2\ES2_WebMUD_SourceOnly_v2.9\source\upstream\neolith\build-vs2022\src\stem.dir\$(Configuration)\ed.obj">
      <Filter>Object Libraries</Filter>
    </Object>
    <Object Include="C:\ES2\ES2_WebMUD_SourceOnly_v2.9\source\upstream\neolith\build-vs2022\src\stem.dir\$(Configuration)\error_context.obj">
      <Filter>Object Libraries</Filter>
    </Object>
    <Object Include="C:\ES2\ES2_WebMUD_SourceOnly_v2.9\source\upstream\neolith\build-vs2022\src\stem.dir\$(Configuration)\frame.obj">
      <Filter>Object Libraries</Filter>
    </Object>
    <Object Include="C:\ES2\ES2_WebMUD_SourceOnly_v2.9\source\upstream\neolith\build-vs2022\src\stem.dir\$(Configuration)\interpret.obj">
      <Filter>Object Libraries</Filter>
    </Object>
    <Object Include="C:\ES2\ES2_WebMUD_SourceOnly_v2.9\source\upstream\neolith\build-vs2022\src\stem.dir\$(Configuration)\malloc.obj">
      <Filter>Object Libraries</Filter>
    </Object>
    <Object Include="C:\ES2\ES2_WebMUD_SourceOnly_v2.9\source\upstream\neolith\build-vs2022\src\stem.dir\$(Configuration)\outbuf.obj">
      <Filter>Object Libraries</Filter>
    </Object>
    <Object Include="C:\ES2\ES2_WebMUD_SourceOnly_v2.9\source\upstream\neolith\build-vs2022\src\stem.dir\$(Configuration)\simul_efun.obj">
      <Filter>Object Libraries</Filter>
    </Object>
    <Object Include="C:\ES2\ES2_WebMUD_SourceOnly_v2.9\source\upstream\neolith\build-vs2022\src\stem.dir\$(Configuration)\simulate.obj">
      <Filter>Object Libraries</Filter>
    </Object>
    <Object Include="C:\ES2\ES2_WebMUD_SourceOnly_v2.9\source\upstream\neolith\build-vs2022\src\stem.dir\$(Configuration)\stack.obj">
      <Filter>Object Libraries</Filter>
    </Object>
    <Object Include="C:\ES2\ES2_WebMUD_SourceOnly_v2.9\source\upstream\neolith\build-vs2022\src\stem.dir\$(Configuration)\stem.obj">
      <Filter>Object Libraries</Filter>
    </Object>
    <Object Include="C:\ES2\ES2_WebMUD_SourceOnly_v2.9\source\upstream\neolith\build-vs2022\src\stem.dir\$(Configuration)\stralloc.obj">
      <Filter>Object Libraries</Filter>
    </Object>
  </ItemGroup>
  <ItemGroup>
    <Filter Include="Object Libraries">
      <UniqueIdentifier>{3D9F2A56-89FD-3E21-83EB-AD2CD0194904}</UniqueIdentifier>
    </Filter>
    <Filter Include="Source Files">
      <UniqueIdentifier>{016C8666-3214-31FD-BC7F-DAE19185A0F6}</UniqueIdentifier>
    </Filter>
  </ItemGroup>
</Project>
