<?xml version="1.0" encoding="utf-8"?>
<Project ToolsVersion="17.0" xmlns="http://schemas.microsoft.com/developer/msbuild/2003">
  <ItemGroup>
    <ClCompile Include="C:\ES2\ES2_WebMUD_SourceOnly_v2.9\source\upstream\neolith\src\addr_resolver.cpp">
      <Filter>Source Files</Filter>
    </ClCompile>
    <ClCompile Include="C:\ES2\ES2_WebMUD_SourceOnly_v2.9\source\upstream\neolith\src\apply.cpp">
      <Filter>Source Files</Filter>
    </ClCompile>
    <ClCompile Include="C:\ES2\ES2_WebMUD_SourceOnly_v2.9\source\upstream\neolith\src\backend.c">
      <Filter>Source Files</Filter>
    </ClCompile>
    <ClCompile Include="C:\ES2\ES2_WebMUD_SourceOnly_v2.9\source\upstream\neolith\src\call_out.cpp">
      <Filter>Source Files</Filter>
    </ClCompile>
    <ClCompile Include="C:\ES2\ES2_WebMUD_SourceOnly_v2.9\source\upstream\neolith\src\comm.c">
      <Filter>Source Files</Filter>
    </ClCompile>
    <ClCompile Include="C:\ES2\ES2_WebMUD_SourceOnly_v2.9\source\upstream\neolith\src\command.c">
      <Filter>Source Files</Filter>
    </ClCompile>
    <ClCompile Include="C:\ES2\ES2_WebMUD_SourceOnly_v2.9\source\upstream\neolith\src\ed.c">
      <Filter>Source Files</Filter>
    </ClCompile>
    <ClCompile Include="C:\ES2\ES2_WebMUD_SourceOnly_v2.9\source\upstream\neolith\src\error_context.cpp">
      <Filter>Source Files</Filter>
    </ClCompile>
    <ClCompile Include="C:\ES2\ES2_WebMUD_SourceOnly_v2.9\source\upstream\neolith\src\frame.cpp">
      <Filter>Source Files</Filter>
    </ClCompile>
    <ClCompile Include="C:\ES2\ES2_WebMUD_SourceOnly_v2.9\source\upstream\neolith\src\interpret.c">
      <Filter>Source Files</Filter>
    </ClCompile>
    <ClCompile Include="C:\ES2\ES2_WebMUD_SourceOnly_v2.9\source\upstream\neolith\src\malloc.cpp">
      <Filter>Source Files</Filter>
    </ClCompile>
    <ClCompile Include="C:\ES2\ES2_WebMUD_SourceOnly_v2.9\source\upstream\neolith\src\outbuf.c">
      <Filter>Source Files</Filter>
    </ClCompile>
    <ClCompile Include="C:\ES2\ES2_WebMUD_SourceOnly_v2.9\source\upstream\neolith\src\simul_efun.c">
      <Filter>Source Files</Filter>
    </ClCompile>
    <ClCompile Include="C:\ES2\ES2_WebMUD_SourceOnly_v2.9\source\upstream\neolith\src\simulate.c">
      <Filter>Source Files</Filter>
    </ClCompile>
    <ClCompile Include="C:\ES2\ES2_WebMUD_SourceOnly_v2.9\source\upstream\neolith\src\stack.c">
      <Filter>Source Files</Filter>
    </ClCompile>
    <ClCompile Include="C:\ES2\ES2_WebMUD_SourceOnly_v2.9\source\upstream\neolith\src\stem.cpp">
      <Filter>Source Files</Filter>
    </ClCompile>
    <ClCompile Include="C:\ES2\ES2_WebMUD_SourceOnly_v2.9\source\upstream\neolith\src\stralloc.c">
      <Filter>Source Files</Filter>
    </ClCompile>
  </ItemGroup>
  <ItemGroup>
    <CustomBuild Include="C:\ES2\ES2_WebMUD_SourceOnly_v2.9\source\upstream\neolith\src\CMakeLists.txt" />
  </ItemGroup>
  <ItemGroup>
    <Filter Include="Source Files">
      <UniqueIdentifier>{016C8666-3214-31FD-BC7F-DAE19185A0F6}</UniqueIdentifier>
    </Filter>
  </ItemGroup>
</Project>
