<?xml version="1.0" encoding="utf-8"?>
<Project ToolsVersion="17.0" xmlns="http://schemas.microsoft.com/developer/msbuild/2003">
  <ItemGroup>
    <CustomBuild Include="C:\ES2\ES2_WebMUD_SourceOnly_v2.9\source\upstream\neolith\build-vs2022\CMakeFiles\f240e9e0d2ded6495af5978129cc3d1e\Continuous.rule">
      <Filter>CMake Rules</Filter>
    </CustomBuild>
    <CustomBuild Include="C:\ES2\ES2_WebMUD_SourceOnly_v2.9\source\upstream\neolith\CMakeLists.txt" />
  </ItemGroup>
  <ItemGroup>
    <None Include="C:\ES2\ES2_WebMUD_SourceOnly_v2.9\source\upstream\neolith\build-vs2022\CMakeFiles\Continuous" />
  </ItemGroup>
  <ItemGroup>
    <Filter Include="CMake Rules">
      <UniqueIdentifier>{43F4B1F6-0BDD-3BD5-907D-439469EC8997}</UniqueIdentifier>
    </Filter>
  </ItemGroup>
</Project>
