
Microsoft Visual Studio Solution File, Format Version 12.00
# Visual Studio Version 17
Project("{2150E333-8FDC-42A3-9474-1A3956D46DE8}") = "CMakePredefinedTargets", "CMakePredefinedTargets", "{BD89203F-C65B-3C62-8138-198F12ABECA1}"
EndProject
Project("{2150E333-8FDC-42A3-9474-1A3956D46DE8}") = "CTestDashboardTargets", "CTestDashboardTargets", "{5D2F704E-04C6-3477-A17D-3CB5426D44BC}"
EndProject
Project("{8BC9CEB8-8B4A-11D0-8D11-00A0C91BC942}") = "ALL_BUILD", "ALL_BUILD.vcxproj", "{CD808190-6BF4-34BE-B5DC-B75CC41A866B}"
	ProjectSection(ProjectDependencies) = postProject
		{B1C7C234-31D7-37D6-9934-C44DE6F941F5} = {B1C7C234-31D7-37D6-9934-C44DE6F941F5}
		{F7C470D5-1151-394C-8425-38FD63E39C63} = {F7C470D5-1151-394C-8425-38FD63E39C63}
		{6D05FE9A-3323-3FD3-A6EE-1A0C3A64509E} = {6D05FE9A-3323-3FD3-A6EE-1A0C3A64509E}
		{494AB4BC-7B4E-3740-B7C6-4880B073C9D0} = {494AB4BC-7B4E-3740-B7C6-4880B073C9D0}
		{A45F61D2-1D31-356B-B83D-00AA72A9D323} = {A45F61D2-1D31-356B-B83D-00AA72A9D323}
		{23BF9186-3126-3AE3-BDAC-8E02ABB5C77F} = {23BF9186-3126-3AE3-BDAC-8E02ABB5C77F}
		{1A2E7B9A-1DE8-3BD4-BDDA-6F8B6E5822C7} = {1A2E7B9A-1DE8-3BD4-BDDA-6F8B6E5822C7}
		{323FD6EE-D39E-347A-B1C1-E68A0D42205B} = {323FD6EE-D39E-347A-B1C1-E68A0D42205B}
		{D8DA9E2E-CB39-3693-B6A2-A41199ADD3C3} = {D8DA9E2E-CB39-3693-B6A2-A41199ADD3C3}
		{9554FD6A-987D-3BD9-9ACE-4F652852A2DC} = {9554FD6A-987D-3BD9-9ACE-4F652852A2DC}
		{FC672E45-BB18-3F47-8160-5217A013F920} = {FC672E45-BB18-3F47-8160-5217A013F920}
		{06FEA88D-BA6A-37D4-B2CE-D62389FFD4E3} = {06FEA88D-BA6A-37D4-B2CE-D62389FFD4E3}
		{04C39717-CC59-312B-B323-9EE8C0E6FA2D} = {04C39717-CC59-312B-B323-9EE8C0E6FA2D}
		{19C84AEF-01DD-32F8-BC7F-ACB91F3B99A3} = {19C84AEF-01DD-32F8-BC7F-ACB91F3B99A3}
	EndProjectSection
EndProject
Project("{8BC9CEB8-8B4A-11D0-8D11-00A0C91BC942}") = "Continuous", "Continuous.vcxproj", "{A1B2288E-8687-384D-B88E-C2F429468D5F}"
	ProjectSection(ProjectDependencies) = postProject
		{B1C7C234-31D7-37D6-9934-C44DE6F941F5} = {B1C7C234-31D7-37D6-9934-C44DE6F941F5}
	EndProjectSection
EndProject
Project("{8BC9CEB8-8B4A-11D0-8D11-00A0C91BC942}") = "Experimental", "Experimental.vcxproj", "{5DAEE00F-3D4B-37B1-AA56-676965AB9410}"
	ProjectSection(ProjectDependencies) = postProject
		{B1C7C234-31D7-37D6-9934-C44DE6F941F5} = {B1C7C234-31D7-37D6-9934-C44DE6F941F5}
	EndProjectSection
EndProject
Project("{8BC9CEB8-8B4A-11D0-8D11-00A0C91BC942}") = "Nightly", "Nightly.vcxproj", "{F5DBF2ED-C107-3F60-9393-5017283310B0}"
	ProjectSection(ProjectDependencies) = postProject
		{B1C7C234-31D7-37D6-9934-C44DE6F941F5} = {B1C7C234-31D7-37D6-9934-C44DE6F941F5}
	EndProjectSection
EndProject
Project("{8BC9CEB8-8B4A-11D0-8D11-00A0C91BC942}") = "NightlyMemoryCheck", "NightlyMemoryCheck.vcxproj", "{949A9BD6-3ADF-3151-A26D-147E5E763B70}"
	ProjectSection(ProjectDependencies) = postProject
		{B1C7C234-31D7-37D6-9934-C44DE6F941F5} = {B1C7C234-31D7-37D6-9934-C44DE6F941F5}
	EndProjectSection
EndProject
Project("{8BC9CEB8-8B4A-11D0-8D11-00A0C91BC942}") = "RUN_TESTS", "RUN_TESTS.vcxproj", "{9FDFDECF-44C5-3D37-B9B1-2BCA6DF08DD8}"
	ProjectSection(ProjectDependencies) = postProject
		{B1C7C234-31D7-37D6-9934-C44DE6F941F5} = {B1C7C234-31D7-37D6-9934-C44DE6F941F5}
	EndProjectSection
EndProject
Project("{8BC9CEB8-8B4A-11D0-8D11-00A0C91BC942}") = "ZERO_CHECK", "ZERO_CHECK.vcxproj", "{B1C7C234-31D7-37D6-9934-C44DE6F941F5}"
	ProjectSection(ProjectDependencies) = postProject
	EndProjectSection
EndProject
Project("{8BC9CEB8-8B4A-11D0-8D11-00A0C91BC942}") = "async", "lib\async\async.vcxproj", "{F7C470D5-1151-394C-8425-38FD63E39C63}"
	ProjectSection(ProjectDependencies) = postProject
		{B1C7C234-31D7-37D6-9934-C44DE6F941F5} = {B1C7C234-31D7-37D6-9934-C44DE6F941F5}
		{1A2E7B9A-1DE8-3BD4-BDDA-6F8B6E5822C7} = {1A2E7B9A-1DE8-3BD4-BDDA-6F8B6E5822C7}
		{FC672E45-BB18-3F47-8160-5217A013F920} = {FC672E45-BB18-3F47-8160-5217A013F920}
	EndProjectSection
EndProject
Project("{8BC9CEB8-8B4A-11D0-8D11-00A0C91BC942}") = "curl", "lib\curl\curl.vcxproj", "{6D05FE9A-3323-3FD3-A6EE-1A0C3A64509E}"
	ProjectSection(ProjectDependencies) = postProject
		{B1C7C234-31D7-37D6-9934-C44DE6F941F5} = {B1C7C234-31D7-37D6-9934-C44DE6F941F5}
	EndProjectSection
EndProject
Project("{8BC9CEB8-8B4A-11D0-8D11-00A0C91BC942}") = "edit_source", "lib\lpc\edit_source.vcxproj", "{494AB4BC-7B4E-3740-B7C6-4880B073C9D0}"
	ProjectSection(ProjectDependencies) = postProject
		{B1C7C234-31D7-37D6-9934-C44DE6F941F5} = {B1C7C234-31D7-37D6-9934-C44DE6F941F5}
		{E15D3800-A121-3609-8432-4F2C9EF3743F} = {E15D3800-A121-3609-8432-4F2C9EF3743F}
		{D8DA9E2E-CB39-3693-B6A2-A41199ADD3C3} = {D8DA9E2E-CB39-3693-B6A2-A41199ADD3C3}
		{FC672E45-BB18-3F47-8160-5217A013F920} = {FC672E45-BB18-3F47-8160-5217A013F920}
	EndProjectSection
EndProject
Project("{8BC9CEB8-8B4A-11D0-8D11-00A0C91BC942}") = "efuns", "lib\efuns\efuns.vcxproj", "{A45F61D2-1D31-356B-B83D-00AA72A9D323}"
	ProjectSection(ProjectDependencies) = postProject
		{B1C7C234-31D7-37D6-9934-C44DE6F941F5} = {B1C7C234-31D7-37D6-9934-C44DE6F941F5}
		{6D05FE9A-3323-3FD3-A6EE-1A0C3A64509E} = {6D05FE9A-3323-3FD3-A6EE-1A0C3A64509E}
		{23BF9186-3126-3AE3-BDAC-8E02ABB5C77F} = {23BF9186-3126-3AE3-BDAC-8E02ABB5C77F}
		{1A2E7B9A-1DE8-3BD4-BDDA-6F8B6E5822C7} = {1A2E7B9A-1DE8-3BD4-BDDA-6F8B6E5822C7}
		{323FD6EE-D39E-347A-B1C1-E68A0D42205B} = {323FD6EE-D39E-347A-B1C1-E68A0D42205B}
		{D8DA9E2E-CB39-3693-B6A2-A41199ADD3C3} = {D8DA9E2E-CB39-3693-B6A2-A41199ADD3C3}
		{FC672E45-BB18-3F47-8160-5217A013F920} = {FC672E45-BB18-3F47-8160-5217A013F920}
		{06FEA88D-BA6A-37D4-B2CE-D62389FFD4E3} = {06FEA88D-BA6A-37D4-B2CE-D62389FFD4E3}
		{04C39717-CC59-312B-B323-9EE8C0E6FA2D} = {04C39717-CC59-312B-B323-9EE8C0E6FA2D}
	EndProjectSection
EndProject
Project("{8BC9CEB8-8B4A-11D0-8D11-00A0C91BC942}") = "generate_func_spec_i", "lib\lpc\generate_func_spec_i.vcxproj", "{E15D3800-A121-3609-8432-4F2C9EF3743F}"
	ProjectSection(ProjectDependencies) = postProject
		{B1C7C234-31D7-37D6-9934-C44DE6F941F5} = {B1C7C234-31D7-37D6-9934-C44DE6F941F5}
	EndProjectSection
EndProject
Project("{8BC9CEB8-8B4A-11D0-8D11-00A0C91BC942}") = "generate_grammar", "lib\lpc\generate_grammar.vcxproj", "{29A4AFC9-7979-3FB5-9422-B98FF7E6A8DF}"
	ProjectSection(ProjectDependencies) = postProject
		{B1C7C234-31D7-37D6-9934-C44DE6F941F5} = {B1C7C234-31D7-37D6-9934-C44DE6F941F5}
	EndProjectSection
EndProject
Project("{8BC9CEB8-8B4A-11D0-8D11-00A0C91BC942}") = "json", "lib\json\json.vcxproj", "{23BF9186-3126-3AE3-BDAC-8E02ABB5C77F}"
	ProjectSection(ProjectDependencies) = postProject
		{B1C7C234-31D7-37D6-9934-C44DE6F941F5} = {B1C7C234-31D7-37D6-9934-C44DE6F941F5}
	EndProjectSection
EndProject
Project("{8BC9CEB8-8B4A-11D0-8D11-00A0C91BC942}") = "logger", "lib\logger\logger.vcxproj", "{1A2E7B9A-1DE8-3BD4-BDDA-6F8B6E5822C7}"
	ProjectSection(ProjectDependencies) = postProject
		{B1C7C234-31D7-37D6-9934-C44DE6F941F5} = {B1C7C234-31D7-37D6-9934-C44DE6F941F5}
	EndProjectSection
EndProject
Project("{8BC9CEB8-8B4A-11D0-8D11-00A0C91BC942}") = "lpc", "lib\lpc\lpc.vcxproj", "{323FD6EE-D39E-347A-B1C1-E68A0D42205B}"
	ProjectSection(ProjectDependencies) = postProject
		{B1C7C234-31D7-37D6-9934-C44DE6F941F5} = {B1C7C234-31D7-37D6-9934-C44DE6F941F5}
		{494AB4BC-7B4E-3740-B7C6-4880B073C9D0} = {494AB4BC-7B4E-3740-B7C6-4880B073C9D0}
		{1A2E7B9A-1DE8-3BD4-BDDA-6F8B6E5822C7} = {1A2E7B9A-1DE8-3BD4-BDDA-6F8B6E5822C7}
		{D8DA9E2E-CB39-3693-B6A2-A41199ADD3C3} = {D8DA9E2E-CB39-3693-B6A2-A41199ADD3C3}
		{FC672E45-BB18-3F47-8160-5217A013F920} = {FC672E45-BB18-3F47-8160-5217A013F920}
		{06FEA88D-BA6A-37D4-B2CE-D62389FFD4E3} = {06FEA88D-BA6A-37D4-B2CE-D62389FFD4E3}
	EndProjectSection
EndProject
Project("{8BC9CEB8-8B4A-11D0-8D11-00A0C91BC942}") = "misc", "lib\misc\misc.vcxproj", "{D8DA9E2E-CB39-3693-B6A2-A41199ADD3C3}"
	ProjectSection(ProjectDependencies) = postProject
		{B1C7C234-31D7-37D6-9934-C44DE6F941F5} = {B1C7C234-31D7-37D6-9934-C44DE6F941F5}
	EndProjectSection
EndProject
Project("{8BC9CEB8-8B4A-11D0-8D11-00A0C91BC942}") = "neolith", "src\neolith.vcxproj", "{9554FD6A-987D-3BD9-9ACE-4F652852A2DC}"
	ProjectSection(ProjectDependencies) = postProject
		{B1C7C234-31D7-37D6-9934-C44DE6F941F5} = {B1C7C234-31D7-37D6-9934-C44DE6F941F5}
		{F7C470D5-1151-394C-8425-38FD63E39C63} = {F7C470D5-1151-394C-8425-38FD63E39C63}
		{6D05FE9A-3323-3FD3-A6EE-1A0C3A64509E} = {6D05FE9A-3323-3FD3-A6EE-1A0C3A64509E}
		{A45F61D2-1D31-356B-B83D-00AA72A9D323} = {A45F61D2-1D31-356B-B83D-00AA72A9D323}
		{23BF9186-3126-3AE3-BDAC-8E02ABB5C77F} = {23BF9186-3126-3AE3-BDAC-8E02ABB5C77F}
		{1A2E7B9A-1DE8-3BD4-BDDA-6F8B6E5822C7} = {1A2E7B9A-1DE8-3BD4-BDDA-6F8B6E5822C7}
		{323FD6EE-D39E-347A-B1C1-E68A0D42205B} = {323FD6EE-D39E-347A-B1C1-E68A0D42205B}
		{D8DA9E2E-CB39-3693-B6A2-A41199ADD3C3} = {D8DA9E2E-CB39-3693-B6A2-A41199ADD3C3}
		{FC672E45-BB18-3F47-8160-5217A013F920} = {FC672E45-BB18-3F47-8160-5217A013F920}
		{06FEA88D-BA6A-37D4-B2CE-D62389FFD4E3} = {06FEA88D-BA6A-37D4-B2CE-D62389FFD4E3}
		{04C39717-CC59-312B-B323-9EE8C0E6FA2D} = {04C39717-CC59-312B-B323-9EE8C0E6FA2D}
		{19C84AEF-01DD-32F8-BC7F-ACB91F3B99A3} = {19C84AEF-01DD-32F8-BC7F-ACB91F3B99A3}
	EndProjectSection
EndProject
Project("{8BC9CEB8-8B4A-11D0-8D11-00A0C91BC942}") = "port", "lib\port\port.vcxproj", "{FC672E45-BB18-3F47-8160-5217A013F920}"
	ProjectSection(ProjectDependencies) = postProject
		{B1C7C234-31D7-37D6-9934-C44DE6F941F5} = {B1C7C234-31D7-37D6-9934-C44DE6F941F5}
	EndProjectSection
EndProject
Project("{8BC9CEB8-8B4A-11D0-8D11-00A0C91BC942}") = "rc", "lib\rc\rc.vcxproj", "{06FEA88D-BA6A-37D4-B2CE-D62389FFD4E3}"
	ProjectSection(ProjectDependencies) = postProject
		{B1C7C234-31D7-37D6-9934-C44DE6F941F5} = {B1C7C234-31D7-37D6-9934-C44DE6F941F5}
		{1A2E7B9A-1DE8-3BD4-BDDA-6F8B6E5822C7} = {1A2E7B9A-1DE8-3BD4-BDDA-6F8B6E5822C7}
		{FC672E45-BB18-3F47-8160-5217A013F920} = {FC672E45-BB18-3F47-8160-5217A013F920}
	EndProjectSection
EndProject
Project("{8BC9CEB8-8B4A-11D0-8D11-00A0C91BC942}") = "socket", "lib\socket\socket.vcxproj", "{04C39717-CC59-312B-B323-9EE8C0E6FA2D}"
	ProjectSection(ProjectDependencies) = postProject
		{B1C7C234-31D7-37D6-9934-C44DE6F941F5} = {B1C7C234-31D7-37D6-9934-C44DE6F941F5}
		{1A2E7B9A-1DE8-3BD4-BDDA-6F8B6E5822C7} = {1A2E7B9A-1DE8-3BD4-BDDA-6F8B6E5822C7}
		{323FD6EE-D39E-347A-B1C1-E68A0D42205B} = {323FD6EE-D39E-347A-B1C1-E68A0D42205B}
		{D8DA9E2E-CB39-3693-B6A2-A41199ADD3C3} = {D8DA9E2E-CB39-3693-B6A2-A41199ADD3C3}
		{FC672E45-BB18-3F47-8160-5217A013F920} = {FC672E45-BB18-3F47-8160-5217A013F920}
		{06FEA88D-BA6A-37D4-B2CE-D62389FFD4E3} = {06FEA88D-BA6A-37D4-B2CE-D62389FFD4E3}
	EndProjectSection
EndProject
Project("{8BC9CEB8-8B4A-11D0-8D11-00A0C91BC942}") = "stem", "src\stem.vcxproj", "{19C84AEF-01DD-32F8-BC7F-ACB91F3B99A3}"
	ProjectSection(ProjectDependencies) = postProject
		{B1C7C234-31D7-37D6-9934-C44DE6F941F5} = {B1C7C234-31D7-37D6-9934-C44DE6F941F5}
		{F7C470D5-1151-394C-8425-38FD63E39C63} = {F7C470D5-1151-394C-8425-38FD63E39C63}
		{6D05FE9A-3323-3FD3-A6EE-1A0C3A64509E} = {6D05FE9A-3323-3FD3-A6EE-1A0C3A64509E}
		{A45F61D2-1D31-356B-B83D-00AA72A9D323} = {A45F61D2-1D31-356B-B83D-00AA72A9D323}
		{23BF9186-3126-3AE3-BDAC-8E02ABB5C77F} = {23BF9186-3126-3AE3-BDAC-8E02ABB5C77F}
		{1A2E7B9A-1DE8-3BD4-BDDA-6F8B6E5822C7} = {1A2E7B9A-1DE8-3BD4-BDDA-6F8B6E5822C7}
		{323FD6EE-D39E-347A-B1C1-E68A0D42205B} = {323FD6EE-D39E-347A-B1C1-E68A0D42205B}
		{D8DA9E2E-CB39-3693-B6A2-A41199ADD3C3} = {D8DA9E2E-CB39-3693-B6A2-A41199ADD3C3}
		{FC672E45-BB18-3F47-8160-5217A013F920} = {FC672E45-BB18-3F47-8160-5217A013F920}
		{06FEA88D-BA6A-37D4-B2CE-D62389FFD4E3} = {06FEA88D-BA6A-37D4-B2CE-D62389FFD4E3}
		{04C39717-CC59-312B-B323-9EE8C0E6FA2D} = {04C39717-CC59-312B-B323-9EE8C0E6FA2D}
	EndProjectSection
EndProject
Global
	GlobalSection(SolutionConfigurationPlatforms) = preSolution
		Debug|x64 = Debug|x64
		Release|x64 = Release|x64
		MinSizeRel|x64 = MinSizeRel|x64
		RelWithDebInfo|x64 = RelWithDebInfo|x64
	EndGlobalSection
	GlobalSection(ProjectConfigurationPlatforms) = postSolution
		{CD808190-6BF4-34BE-B5DC-B75CC41A866B}.Debug|x64.ActiveCfg = Debug|x64
		{CD808190-6BF4-34BE-B5DC-B75CC41A866B}.Release|x64.ActiveCfg = Release|x64
		{CD808190-6BF4-34BE-B5DC-B75CC41A866B}.MinSizeRel|x64.ActiveCfg = MinSizeRel|x64
		{CD808190-6BF4-34BE-B5DC-B75CC41A866B}.RelWithDebInfo|x64.ActiveCfg = RelWithDebInfo|x64
		{A1B2288E-8687-384D-B88E-C2F429468D5F}.Debug|x64.ActiveCfg = Debug|x64
		{A1B2288E-8687-384D-B88E-C2F429468D5F}.Release|x64.ActiveCfg = Release|x64
		{A1B2288E-8687-384D-B88E-C2F429468D5F}.MinSizeRel|x64.ActiveCfg = MinSizeRel|x64
		{A1B2288E-8687-384D-B88E-C2F429468D5F}.RelWithDebInfo|x64.ActiveCfg = RelWithDebInfo|x64
		{5DAEE00F-3D4B-37B1-AA56-676965AB9410}.Debug|x64.ActiveCfg = Debug|x64
		{5DAEE00F-3D4B-37B1-AA56-676965AB9410}.Release|x64.ActiveCfg = Release|x64
		{5DAEE00F-3D4B-37B1-AA56-676965AB9410}.MinSizeRel|x64.ActiveCfg = MinSizeRel|x64
		{5DAEE00F-3D4B-37B1-AA56-676965AB9410}.RelWithDebInfo|x64.ActiveCfg = RelWithDebInfo|x64
		{F5DBF2ED-C107-3F60-9393-5017283310B0}.Debug|x64.ActiveCfg = Debug|x64
		{F5DBF2ED-C107-3F60-9393-5017283310B0}.Release|x64.ActiveCfg = Release|x64
		{F5DBF2ED-C107-3F60-9393-5017283310B0}.MinSizeRel|x64.ActiveCfg = MinSizeRel|x64
		{F5DBF2ED-C107-3F60-9393-5017283310B0}.RelWithDebInfo|x64.ActiveCfg = RelWithDebInfo|x64
		{949A9BD6-3ADF-3151-A26D-147E5E763B70}.Debug|x64.ActiveCfg = Debug|x64
		{949A9BD6-3ADF-3151-A26D-147E5E763B70}.Release|x64.ActiveCfg = Release|x64
		{949A9BD6-3ADF-3151-A26D-147E5E763B70}.MinSizeRel|x64.ActiveCfg = MinSizeRel|x64
		{949A9BD6-3ADF-3151-A26D-147E5E763B70}.RelWithDebInfo|x64.ActiveCfg = RelWithDebInfo|x64
		{9FDFDECF-44C5-3D37-B9B1-2BCA6DF08DD8}.Debug|x64.ActiveCfg = Debug|x64
		{9FDFDECF-44C5-3D37-B9B1-2BCA6DF08DD8}.Release|x64.ActiveCfg = Release|x64
		{9FDFDECF-44C5-3D37-B9B1-2BCA6DF08DD8}.MinSizeRel|x64.ActiveCfg = MinSizeRel|x64
		{9FDFDECF-44C5-3D37-B9B1-2BCA6DF08DD8}.RelWithDebInfo|x64.ActiveCfg = RelWithDebInfo|x64
		{B1C7C234-31D7-37D6-9934-C44DE6F941F5}.Debug|x64.ActiveCfg = Debug|x64
		{B1C7C234-31D7-37D6-9934-C44DE6F941F5}.Debug|x64.Build.0 = Debug|x64
		{B1C7C234-31D7-37D6-9934-C44DE6F941F5}.Release|x64.ActiveCfg = Release|x64
		{B1C7C234-31D7-37D6-9934-C44DE6F941F5}.Release|x64.Build.0 = Release|x64
		{B1C7C234-31D7-37D6-9934-C44DE6F941F5}.MinSizeRel|x64.ActiveCfg = MinSizeRel|x64
		{B1C7C234-31D7-37D6-9934-C44DE6F941F5}.MinSizeRel|x64.Build.0 = MinSizeRel|x64
		{B1C7C234-31D7-37D6-9934-C44DE6F941F5}.RelWithDebInfo|x64.ActiveCfg = RelWithDebInfo|x64
		{B1C7C234-31D7-37D6-9934-C44DE6F941F5}.RelWithDebInfo|x64.Build.0 = RelWithDebInfo|x64
		{F7C470D5-1151-394C-8425-38FD63E39C63}.Debug|x64.ActiveCfg = Debug|x64
		{F7C470D5-1151-394C-8425-38FD63E39C63}.Debug|x64.Build.0 = Debug|x64
		{F7C470D5-1151-394C-8425-38FD63E39C63}.Release|x64.ActiveCfg = Release|x64
		{F7C470D5-1151-394C-8425-38FD63E39C63}.Release|x64.Build.0 = Release|x64
		{F7C470D5-1151-394C-8425-38FD63E39C63}.MinSizeRel|x64.ActiveCfg = MinSizeRel|x64
		{F7C470D5-1151-394C-8425-38FD63E39C63}.MinSizeRel|x64.Build.0 = MinSizeRel|x64
		{F7C470D5-1151-394C-8425-38FD63E39C63}.RelWithDebInfo|x64.ActiveCfg = RelWithDebInfo|x64
		{F7C470D5-1151-394C-8425-38FD63E39C63}.RelWithDebInfo|x64.Build.0 = RelWithDebInfo|x64
		{6D05FE9A-3323-3FD3-A6EE-1A0C3A64509E}.Debug|x64.ActiveCfg = Debug|x64
		{6D05FE9A-3323-3FD3-A6EE-1A0C3A64509E}.Debug|x64.Build.0 = Debug|x64
		{6D05FE9A-3323-3FD3-A6EE-1A0C3A64509E}.Release|x64.ActiveCfg = Release|x64
		{6D05FE9A-3323-3FD3-A6EE-1A0C3A64509E}.Release|x64.Build.0 = Release|x64
		{6D05FE9A-3323-3FD3-A6EE-1A0C3A64509E}.MinSizeRel|x64.ActiveCfg = MinSizeRel|x64
		{6D05FE9A-3323-3FD3-A6EE-1A0C3A64509E}.MinSizeRel|x64.Build.0 = MinSizeRel|x64
		{6D05FE9A-3323-3FD3-A6EE-1A0C3A64509E}.RelWithDebInfo|x64.ActiveCfg = RelWithDebInfo|x64
		{6D05FE9A-3323-3FD3-A6EE-1A0C3A64509E}.RelWithDebInfo|x64.Build.0 = RelWithDebInfo|x64
		{494AB4BC-7B4E-3740-B7C6-4880B073C9D0}.Debug|x64.ActiveCfg = Debug|x64
		{494AB4BC-7B4E-3740-B7C6-4880B073C9D0}.Debug|x64.Build.0 = Debug|x64
		{494AB4BC-7B4E-3740-B7C6-4880B073C9D0}.Release|x64.ActiveCfg = Release|x64
		{494AB4BC-7B4E-3740-B7C6-4880B073C9D0}.Release|x64.Build.0 = Release|x64
		{494AB4BC-7B4E-3740-B7C6-4880B073C9D0}.MinSizeRel|x64.ActiveCfg = MinSizeRel|x64
		{494AB4BC-7B4E-3740-B7C6-4880B073C9D0}.MinSizeRel|x64.Build.0 = MinSizeRel|x64
		{494AB4BC-7B4E-3740-B7C6-4880B073C9D0}.RelWithDebInfo|x64.ActiveCfg = RelWithDebInfo|x64
		{494AB4BC-7B4E-3740-B7C6-4880B073C9D0}.RelWithDebInfo|x64.Build.0 = RelWithDebInfo|x64
		{A45F61D2-1D31-356B-B83D-00AA72A9D323}.Debug|x64.ActiveCfg = Debug|x64
		{A45F61D2-1D31-356B-B83D-00AA72A9D323}.Debug|x64.Build.0 = Debug|x64
		{A45F61D2-1D31-356B-B83D-00AA72A9D323}.Release|x64.ActiveCfg = Release|x64
		{A45F61D2-1D31-356B-B83D-00AA72A9D323}.Release|x64.Build.0 = Release|x64
		{A45F61D2-1D31-356B-B83D-00AA72A9D323}.MinSizeRel|x64.ActiveCfg = MinSizeRel|x64
		{A45F61D2-1D31-356B-B83D-00AA72A9D323}.MinSizeRel|x64.Build.0 = MinSizeRel|x64
		{A45F61D2-1D31-356B-B83D-00AA72A9D323}.RelWithDebInfo|x64.ActiveCfg = RelWithDebInfo|x64
		{A45F61D2-1D31-356B-B83D-00AA72A9D323}.RelWithDebInfo|x64.Build.0 = RelWithDebInfo|x64
		{E15D3800-A121-3609-8432-4F2C9EF3743F}.Debug|x64.ActiveCfg = Debug|x64
		{E15D3800-A121-3609-8432-4F2C9EF3743F}.Debug|x64.Build.0 = Debug|x64
		{E15D3800-A121-3609-8432-4F2C9EF3743F}.Release|x64.ActiveCfg = Release|x64
		{E15D3800-A121-3609-8432-4F2C9EF3743F}.Release|x64.Build.0 = Release|x64
		{E15D3800-A121-3609-8432-4F2C9EF3743F}.MinSizeRel|x64.ActiveCfg = MinSizeRel|x64
		{E15D3800-A121-3609-8432-4F2C9EF3743F}.MinSizeRel|x64.Build.0 = MinSizeRel|x64
		{E15D3800-A121-3609-8432-4F2C9EF3743F}.RelWithDebInfo|x64.ActiveCfg = RelWithDebInfo|x64
		{E15D3800-A121-3609-8432-4F2C9EF3743F}.RelWithDebInfo|x64.Build.0 = RelWithDebInfo|x64
		{29A4AFC9-7979-3FB5-9422-B98FF7E6A8DF}.Debug|x64.ActiveCfg = Debug|x64
		{29A4AFC9-7979-3FB5-9422-B98FF7E6A8DF}.Release|x64.ActiveCfg = Release|x64
		{29A4AFC9-7979-3FB5-9422-B98FF7E6A8DF}.MinSizeRel|x64.ActiveCfg = MinSizeRel|x64
		{29A4AFC9-7979-3FB5-9422-B98FF7E6A8DF}.RelWithDebInfo|x64.ActiveCfg = RelWithDebInfo|x64
		{23BF9186-3126-3AE3-BDAC-8E02ABB5C77F}.Debug|x64.ActiveCfg = Debug|x64
		{23BF9186-3126-3AE3-BDAC-8E02ABB5C77F}.Debug|x64.Build.0 = Debug|x64
		{23BF9186-3126-3AE3-BDAC-8E02ABB5C77F}.Release|x64.ActiveCfg = Release|x64
		{23BF9186-3126-3AE3-BDAC-8E02ABB5C77F}.Release|x64.Build.0 = Release|x64
		{23BF9186-3126-3AE3-BDAC-8E02ABB5C77F}.MinSizeRel|x64.ActiveCfg = MinSizeRel|x64
		{23BF9186-3126-3AE3-BDAC-8E02ABB5C77F}.MinSizeRel|x64.Build.0 = MinSizeRel|x64
		{23BF9186-3126-3AE3-BDAC-8E02ABB5C77F}.RelWithDebInfo|x64.ActiveCfg = RelWithDebInfo|x64
		{23BF9186-3126-3AE3-BDAC-8E02ABB5C77F}.RelWithDebInfo|x64.Build.0 = RelWithDebInfo|x64
		{1A2E7B9A-1DE8-3BD4-BDDA-6F8B6E5822C7}.Debug|x64.ActiveCfg = Debug|x64
		{1A2E7B9A-1DE8-3BD4-BDDA-6F8B6E5822C7}.Debug|x64.Build.0 = Debug|x64
		{1A2E7B9A-1DE8-3BD4-BDDA-6F8B6E5822C7}.Release|x64.ActiveCfg = Release|x64
		{1A2E7B9A-1DE8-3BD4-BDDA-6F8B6E5822C7}.Release|x64.Build.0 = Release|x64
		{1A2E7B9A-1DE8-3BD4-BDDA-6F8B6E5822C7}.MinSizeRel|x64.ActiveCfg = MinSizeRel|x64
		{1A2E7B9A-1DE8-3BD4-BDDA-6F8B6E5822C7}.MinSizeRel|x64.Build.0 = MinSizeRel|x64
		{1A2E7B9A-1DE8-3BD4-BDDA-6F8B6E5822C7}.RelWithDebInfo|x64.ActiveCfg = RelWithDebInfo|x64
		{1A2E7B9A-1DE8-3BD4-BDDA-6F8B6E5822C7}.RelWithDebInfo|x64.Build.0 = RelWithDebInfo|x64
		{323FD6EE-D39E-347A-B1C1-E68A0D42205B}.Debug|x64.ActiveCfg = Debug|x64
		{323FD6EE-D39E-347A-B1C1-E68A0D42205B}.Debug|x64.Build.0 = Debug|x64
		{323FD6EE-D39E-347A-B1C1-E68A0D42205B}.Release|x64.ActiveCfg = Release|x64
		{323FD6EE-D39E-347A-B1C1-E68A0D42205B}.Release|x64.Build.0 = Release|x64
		{323FD6EE-D39E-347A-B1C1-E68A0D42205B}.MinSizeRel|x64.ActiveCfg = MinSizeRel|x64
		{323FD6EE-D39E-347A-B1C1-E68A0D42205B}.MinSizeRel|x64.Build.0 = MinSizeRel|x64
		{323FD6EE-D39E-347A-B1C1-E68A0D42205B}.RelWithDebInfo|x64.ActiveCfg = RelWithDebInfo|x64
		{323FD6EE-D39E-347A-B1C1-E68A0D42205B}.RelWithDebInfo|x64.Build.0 = RelWithDebInfo|x64
		{D8DA9E2E-CB39-3693-B6A2-A41199ADD3C3}.Debug|x64.ActiveCfg = Debug|x64
		{D8DA9E2E-CB39-3693-B6A2-A41199ADD3C3}.Debug|x64.Build.0 = Debug|x64
		{D8DA9E2E-CB39-3693-B6A2-A41199ADD3C3}.Release|x64.ActiveCfg = Release|x64
		{D8DA9E2E-CB39-3693-B6A2-A41199ADD3C3}.Release|x64.Build.0 = Release|x64
		{D8DA9E2E-CB39-3693-B6A2-A41199ADD3C3}.MinSizeRel|x64.ActiveCfg = MinSizeRel|x64
		{D8DA9E2E-CB39-3693-B6A2-A41199ADD3C3}.MinSizeRel|x64.Build.0 = MinSizeRel|x64
		{D8DA9E2E-CB39-3693-B6A2-A41199ADD3C3}.RelWithDebInfo|x64.ActiveCfg = RelWithDebInfo|x64
		{D8DA9E2E-CB39-3693-B6A2-A41199ADD3C3}.RelWithDebInfo|x64.Build.0 = RelWithDebInfo|x64
		{9554FD6A-987D-3BD9-9ACE-4F652852A2DC}.Debug|x64.ActiveCfg = Debug|x64
		{9554FD6A-987D-3BD9-9ACE-4F652852A2DC}.Debug|x64.Build.0 = Debug|x64
		{9554FD6A-987D-3BD9-9ACE-4F652852A2DC}.Release|x64.ActiveCfg = Release|x64
		{9554FD6A-987D-3BD9-9ACE-4F652852A2DC}.Release|x64.Build.0 = Release|x64
		{9554FD6A-987D-3BD9-9ACE-4F652852A2DC}.MinSizeRel|x64.ActiveCfg = MinSizeRel|x64
		{9554FD6A-987D-3BD9-9ACE-4F652852A2DC}.MinSizeRel|x64.Build.0 = MinSizeRel|x64
		{9554FD6A-987D-3BD9-9ACE-4F652852A2DC}.RelWithDebInfo|x64.ActiveCfg = RelWithDebInfo|x64
		{9554FD6A-987D-3BD9-9ACE-4F652852A2DC}.RelWithDebInfo|x64.Build.0 = RelWithDebInfo|x64
		{FC672E45-BB18-3F47-8160-5217A013F920}.Debug|x64.ActiveCfg = Debug|x64
		{FC672E45-BB18-3F47-8160-5217A013F920}.Debug|x64.Build.0 = Debug|x64
		{FC672E45-BB18-3F47-8160-5217A013F920}.Release|x64.ActiveCfg = Release|x64
		{FC672E45-BB18-3F47-8160-5217A013F920}.Release|x64.Build.0 = Release|x64
		{FC672E45-BB18-3F47-8160-5217A013F920}.MinSizeRel|x64.ActiveCfg = MinSizeRel|x64
		{FC672E45-BB18-3F47-8160-5217A013F920}.MinSizeRel|x64.Build.0 = MinSizeRel|x64
		{FC672E45-BB18-3F47-8160-5217A013F920}.RelWithDebInfo|x64.ActiveCfg = RelWithDebInfo|x64
		{FC672E45-BB18-3F47-8160-5217A013F920}.RelWithDebInfo|x64.Build.0 = RelWithDebInfo|x64
		{06FEA88D-BA6A-37D4-B2CE-D62389FFD4E3}.Debug|x64.ActiveCfg = Debug|x64
		{06FEA88D-BA6A-37D4-B2CE-D62389FFD4E3}.Debug|x64.Build.0 = Debug|x64
		{06FEA88D-BA6A-37D4-B2CE-D62389FFD4E3}.Release|x64.ActiveCfg = Release|x64
		{06FEA88D-BA6A-37D4-B2CE-D62389FFD4E3}.Release|x64.Build.0 = Release|x64
		{06FEA88D-BA6A-37D4-B2CE-D62389FFD4E3}.MinSizeRel|x64.ActiveCfg = MinSizeRel|x64
		{06FEA88D-BA6A-37D4-B2CE-D62389FFD4E3}.MinSizeRel|x64.Build.0 = MinSizeRel|x64
		{06FEA88D-BA6A-37D4-B2CE-D62389FFD4E3}.RelWithDebInfo|x64.ActiveCfg = RelWithDebInfo|x64
		{06FEA88D-BA6A-37D4-B2CE-D62389FFD4E3}.RelWithDebInfo|x64.Build.0 = RelWithDebInfo|x64
		{04C39717-CC59-312B-B323-9EE8C0E6FA2D}.Debug|x64.ActiveCfg = Debug|x64
		{04C39717-CC59-312B-B323-9EE8C0E6FA2D}.Debug|x64.Build.0 = Debug|x64
		{04C39717-CC59-312B-B323-9EE8C0E6FA2D}.Release|x64.ActiveCfg = Release|x64
		{04C39717-CC59-312B-B323-9EE8C0E6FA2D}.Release|x64.Build.0 = Release|x64
		{04C39717-CC59-312B-B323-9EE8C0E6FA2D}.MinSizeRel|x64.ActiveCfg = MinSizeRel|x64
		{04C39717-CC59-312B-B323-9EE8C0E6FA2D}.MinSizeRel|x64.Build.0 = MinSizeRel|x64
		{04C39717-CC59-312B-B323-9EE8C0E6FA2D}.RelWithDebInfo|x64.ActiveCfg = RelWithDebInfo|x64
		{04C39717-CC59-312B-B323-9EE8C0E6FA2D}.RelWithDebInfo|x64.Build.0 = RelWithDebInfo|x64
		{19C84AEF-01DD-32F8-BC7F-ACB91F3B99A3}.Debug|x64.ActiveCfg = Debug|x64
		{19C84AEF-01DD-32F8-BC7F-ACB91F3B99A3}.Debug|x64.Build.0 = Debug|x64
		{19C84AEF-01DD-32F8-BC7F-ACB91F3B99A3}.Release|x64.ActiveCfg = Release|x64
		{19C84AEF-01DD-32F8-BC7F-ACB91F3B99A3}.Release|x64.Build.0 = Release|x64
		{19C84AEF-01DD-32F8-BC7F-ACB91F3B99A3}.MinSizeRel|x64.ActiveCfg = MinSizeRel|x64
		{19C84AEF-01DD-32F8-BC7F-ACB91F3B99A3}.MinSizeRel|x64.Build.0 = MinSizeRel|x64
		{19C84AEF-01DD-32F8-BC7F-ACB91F3B99A3}.RelWithDebInfo|x64.ActiveCfg = RelWithDebInfo|x64
		{19C84AEF-01DD-32F8-BC7F-ACB91F3B99A3}.RelWithDebInfo|x64.Build.0 = RelWithDebInfo|x64
	EndGlobalSection
	GlobalSection(NestedProjects) = preSolution
		{CD808190-6BF4-34BE-B5DC-B75CC41A866B} = {BD89203F-C65B-3C62-8138-198F12ABECA1}
		{9FDFDECF-44C5-3D37-B9B1-2BCA6DF08DD8} = {BD89203F-C65B-3C62-8138-198F12ABECA1}
		{B1C7C234-31D7-37D6-9934-C44DE6F941F5} = {BD89203F-C65B-3C62-8138-198F12ABECA1}
		{A1B2288E-8687-384D-B88E-C2F429468D5F} = {5D2F704E-04C6-3477-A17D-3CB5426D44BC}
		{5DAEE00F-3D4B-37B1-AA56-676965AB9410} = {5D2F704E-04C6-3477-A17D-3CB5426D44BC}
		{F5DBF2ED-C107-3F60-9393-5017283310B0} = {5D2F704E-04C6-3477-A17D-3CB5426D44BC}
		{949A9BD6-3ADF-3151-A26D-147E5E763B70} = {5D2F704E-04C6-3477-A17D-3CB5426D44BC}
	EndGlobalSection
	GlobalSection(ExtensibilityGlobals) = postSolution
		SolutionGuid = {E99AB719-1D34-3555-A85A-3D40C459BEA8}
	EndGlobalSection
	GlobalSection(ExtensibilityAddIns) = postSolution
	EndGlobalSection
EndGlobal
