<?xml version="1.0" encoding="utf-8"?>
<Project ToolsVersion="17.0" xmlns="http://schemas.microsoft.com/developer/msbuild/2003">
  <ItemGroup>
    <ClCompile Include="C:\ES2\ES2_WebMUD_SourceOnly_v2.9\source\upstream\neolith\lib\lpc\array.c">
      <Filter>Source Files</Filter>
    </ClCompile>
    <ClCompile Include="C:\ES2\ES2_WebMUD_SourceOnly_v2.9\source\upstream\neolith\lib\lpc\buffer.c">
      <Filter>Source Files</Filter>
    </ClCompile>
    <ClCompile Include="C:\ES2\ES2_WebMUD_SourceOnly_v2.9\source\upstream\neolith\lib\lpc\class.c">
      <Filter>Source Files</Filter>
    </ClCompile>
    <ClCompile Include="C:\ES2\ES2_WebMUD_SourceOnly_v2.9\source\upstream\neolith\lib\lpc\compiler.c">
      <Filter>Source Files</Filter>
    </ClCompile>
    <ClCompile Include="C:\ES2\ES2_WebMUD_SourceOnly_v2.9\source\upstream\neolith\lib\lpc\functional.cpp">
      <Filter>Source Files</Filter>
    </ClCompile>
    <ClCompile Include="C:\ES2\ES2_WebMUD_SourceOnly_v2.9\source\upstream\neolith\lib\lpc\identifier.c">
      <Filter>Source Files</Filter>
    </ClCompile>
    <ClCompile Include="C:\ES2\ES2_WebMUD_SourceOnly_v2.9\source\upstream\neolith\lib\lpc\lex.c">
      <Filter>Source Files</Filter>
    </ClCompile>
    <ClCompile Include="C:\ES2\ES2_WebMUD_SourceOnly_v2.9\source\upstream\neolith\lib\lpc\mapping.c">
      <Filter>Source Files</Filter>
    </ClCompile>
    <ClCompile Include="C:\ES2\ES2_WebMUD_SourceOnly_v2.9\source\upstream\neolith\lib\lpc\object.c">
      <Filter>Source Files</Filter>
    </ClCompile>
    <ClCompile Include="C:\ES2\ES2_WebMUD_SourceOnly_v2.9\source\upstream\neolith\lib\lpc\operator.c">
      <Filter>Source Files</Filter>
    </ClCompile>
    <ClCompile Include="C:\ES2\ES2_WebMUD_SourceOnly_v2.9\source\upstream\neolith\lib\lpc\otable.c">
      <Filter>Source Files</Filter>
    </ClCompile>
    <ClCompile Include="C:\ES2\ES2_WebMUD_SourceOnly_v2.9\source\upstream\neolith\lib\lpc\regexp.c">
      <Filter>Source Files</Filter>
    </ClCompile>
    <ClCompile Include="C:\ES2\ES2_WebMUD_SourceOnly_v2.9\source\upstream\neolith\lib\lpc\svalue.cpp">
      <Filter>Source Files</Filter>
    </ClCompile>
    <ClCompile Include="C:\ES2\ES2_WebMUD_SourceOnly_v2.9\source\upstream\neolith\lib\lpc\program.c">
      <Filter>Source Files</Filter>
    </ClCompile>
    <ClCompile Include="C:\ES2\ES2_WebMUD_SourceOnly_v2.9\source\upstream\neolith\lib\lpc\program\binaries.cpp">
      <Filter>Source Files</Filter>
    </ClCompile>
    <ClCompile Include="C:\ES2\ES2_WebMUD_SourceOnly_v2.9\source\upstream\neolith\lib\lpc\program\disassemble.c">
      <Filter>Source Files</Filter>
    </ClCompile>
    <ClCompile Include="C:\ES2\ES2_WebMUD_SourceOnly_v2.9\source\upstream\neolith\lib\lpc\program\generate.c">
      <Filter>Source Files</Filter>
    </ClCompile>
    <ClCompile Include="C:\ES2\ES2_WebMUD_SourceOnly_v2.9\source\upstream\neolith\lib\lpc\program\icode.c">
      <Filter>Source Files</Filter>
    </ClCompile>
    <ClCompile Include="C:\ES2\ES2_WebMUD_SourceOnly_v2.9\source\upstream\neolith\lib\lpc\program\parse_trees.c">
      <Filter>Source Files</Filter>
    </ClCompile>
    <ClCompile Include="C:\ES2\ES2_WebMUD_SourceOnly_v2.9\source\upstream\neolith\build-vs2022\lib\lpc\grammar.c">
      <Filter>Source Files</Filter>
    </ClCompile>
  </ItemGroup>
  <ItemGroup>
    <ClInclude Include="C:\ES2\ES2_WebMUD_SourceOnly_v2.9\source\upstream\neolith\build-vs2022\lib\lpc\grammar.h">
      <Filter>Header Files</Filter>
    </ClInclude>
  </ItemGroup>
  <ItemGroup>
    <CustomBuild Include="C:\ES2\ES2_WebMUD_SourceOnly_v2.9\source\upstream\neolith\build-vs2022\CMakeFiles\92884be460176405cf2e1376774036f2\grammar.c.rule">
      <Filter>CMake Rules</Filter>
    </CustomBuild>
    <CustomBuild Include="C:\ES2\ES2_WebMUD_SourceOnly_v2.9\source\upstream\neolith\lib\lpc\CMakeLists.txt" />
  </ItemGroup>
  <ItemGroup>
    <Filter Include="CMake Rules">
      <UniqueIdentifier>{43F4B1F6-0BDD-3BD5-907D-439469EC8997}</UniqueIdentifier>
    </Filter>
    <Filter Include="Header Files">
      <UniqueIdentifier>{3956881A-7CE1-3F3F-9607-58073A5B4263}</UniqueIdentifier>
    </Filter>
    <Filter Include="Source Files">
      <UniqueIdentifier>{016C8666-3214-31FD-BC7F-DAE19185A0F6}</UniqueIdentifier>
    </Filter>
  </ItemGroup>
</Project>
