<?xml version="1.0" encoding="utf-8"?>
<Project ToolsVersion="17.0" xmlns="http://schemas.microsoft.com/developer/msbuild/2003">
  <ItemGroup>
    <ClCompile Include="C:\ES2\ES2_WebMUD_SourceOnly_v2.9\source\upstream\neolith\lib\async\async_queue.c">
      <Filter>Source Files</Filter>
    </ClCompile>
    <ClCompile Include="C:\ES2\ES2_WebMUD_SourceOnly_v2.9\source\upstream\neolith\lib\async\console_mode.c">
      <Filter>Source Files</Filter>
    </ClCompile>
    <ClCompile Include="C:\ES2\ES2_WebMUD_SourceOnly_v2.9\source\upstream\neolith\lib\async\console_worker.c">
      <Filter>Source Files</Filter>
    </ClCompile>
    <ClCompile Include="C:\ES2\ES2_WebMUD_SourceOnly_v2.9\source\upstream\neolith\lib\async\async_worker_win32.c">
      <Filter>Source Files</Filter>
    </ClCompile>
    <ClCompile Include="C:\ES2\ES2_WebMUD_SourceOnly_v2.9\source\upstream\neolith\lib\async\async_runtime_iocp.c">
      <Filter>Source Files</Filter>
    </ClCompile>
  </ItemGroup>
  <ItemGroup>
    <CustomBuild Include="C:\ES2\ES2_WebMUD_SourceOnly_v2.9\source\upstream\neolith\lib\async\CMakeLists.txt" />
  </ItemGroup>
  <ItemGroup>
    <Filter Include="Source Files">
      <UniqueIdentifier>{016C8666-3214-31FD-BC7F-DAE19185A0F6}</UniqueIdentifier>
    </Filter>
  </ItemGroup>
</Project>
