<?xml version="1.0" encoding="utf-8"?>
<Project ToolsVersion="17.0" xmlns="http://schemas.microsoft.com/developer/msbuild/2003">
  <ItemGroup>
    <ClCompile Include="C:\ES2\ES2_WebMUD_SourceOnly_v2.9\source\upstream\neolith\lib\port\stpcpy.c">
      <Filter>Source Files</Filter>
    </ClCompile>
    <ClCompile Include="C:\ES2\ES2_WebMUD_SourceOnly_v2.9\source\upstream\neolith\lib\port\strput.c">
      <Filter>Source Files</Filter>
    </ClCompile>
    <ClCompile Include="C:\ES2\ES2_WebMUD_SourceOnly_v2.9\source\upstream\neolith\lib\port\xcalloc.c">
      <Filter>Source Files</Filter>
    </ClCompile>
    <ClCompile Include="C:\ES2\ES2_WebMUD_SourceOnly_v2.9\source\upstream\neolith\lib\port\xstrdup.c">
      <Filter>Source Files</Filter>
    </ClCompile>
    <ClCompile Include="C:\ES2\ES2_WebMUD_SourceOnly_v2.9\source\upstream\neolith\lib\port\xvasprintf.c">
      <Filter>Source Files</Filter>
    </ClCompile>
    <ClCompile Include="C:\ES2\ES2_WebMUD_SourceOnly_v2.9\source\upstream\neolith\lib\port\socket_comm.c">
      <Filter>Source Files</Filter>
    </ClCompile>
    <ClCompile Include="C:\ES2\ES2_WebMUD_SourceOnly_v2.9\source\upstream\neolith\lib\port\timer.cpp">
      <Filter>Source Files</Filter>
    </ClCompile>
    <ClCompile Include="C:\ES2\ES2_WebMUD_SourceOnly_v2.9\source\upstream\neolith\lib\port\sync.cpp">
      <Filter>Source Files</Filter>
    </ClCompile>
    <ClCompile Include="C:\ES2\ES2_WebMUD_SourceOnly_v2.9\source\upstream\neolith\lib\port\crypt.c">
      <Filter>Source Files</Filter>
    </ClCompile>
    <ClCompile Include="C:\ES2\ES2_WebMUD_SourceOnly_v2.9\source\upstream\neolith\lib\port\getopt.c">
      <Filter>Source Files</Filter>
    </ClCompile>
    <ClCompile Include="C:\ES2\ES2_WebMUD_SourceOnly_v2.9\source\upstream\neolith\lib\port\gettimeofday.c">
      <Filter>Source Files</Filter>
    </ClCompile>
    <ClCompile Include="C:\ES2\ES2_WebMUD_SourceOnly_v2.9\source\upstream\neolith\lib\port\realpath.cpp">
      <Filter>Source Files</Filter>
    </ClCompile>
    <ClCompile Include="C:\ES2\ES2_WebMUD_SourceOnly_v2.9\source\upstream\neolith\lib\port\symlink.c">
      <Filter>Source Files</Filter>
    </ClCompile>
  </ItemGroup>
  <ItemGroup>
    <CustomBuild Include="C:\ES2\ES2_WebMUD_SourceOnly_v2.9\source\upstream\neolith\lib\port\CMakeLists.txt" />
  </ItemGroup>
  <ItemGroup>
    <Filter Include="Source Files">
      <UniqueIdentifier>{016C8666-3214-31FD-BC7F-DAE19185A0F6}</UniqueIdentifier>
    </Filter>
  </ItemGroup>
</Project>
