<?xml version="1.0" encoding="utf-8"?>
<Project ToolsVersion="17.0" xmlns="http://schemas.microsoft.com/developer/msbuild/2003">
  <ItemGroup>
    <CustomBuild Include="C:\ES2\ES2_WebMUD_SourceOnly_v2.9\source\upstream\neolith\build-vs2022\CMakeFiles\de59a8e804dbb675bba394b101775eb3\RUN_TESTS_force.rule">
      <Filter>CMake Rules</Filter>
    </CustomBuild>
  </ItemGroup>
  <ItemGroup>
    <Filter Include="CMake Rules">
      <UniqueIdentifier>{43F4B1F6-0BDD-3BD5-907D-439469EC8997}</UniqueIdentifier>
    </Filter>
  </ItemGroup>
</Project>
